// !$*UTF8*$!
{
	archiveVersion = 1;
	classes = {
	};
	objectVersion = 55;
	objects = {

/* Begin PBXBuildFile section */
		1286988327CF9FA800F16CA6 /* select.png in Resources */ = {isa = PBXBuildFile; fileRef = 1286988227CF9FA800F16CA6 /* select.png */; };
		12E611B627CE737F005333FE /* AppDelegate.swift in Sources */ = {isa = PBXBuildFile; fileRef = 12E611B527CE737F005333FE /* AppDelegate.swift */; };
		12E611B827CE737F005333FE /* SceneDelegate.swift in Sources */ = {isa = PBXBuildFile; fileRef = 12E611B727CE737F005333FE /* SceneDelegate.swift */; };
		12E611BA27CE737F005333FE /* ViewController.swift in Sources */ = {isa = PBXBuildFile; fileRef = 12E611B927CE737F005333FE /* ViewController.swift */; };
		12E611BD27CE737F005333FE /* Main.storyboard in Resources */ = {isa = PBXBuildFile; fileRef = 12E611BB27CE737F005333FE /* Main.storyboard */; };
		12E611C027CE737F005333FE /* ArtBookProjectIos.xcdatamodeld in Sources */ = {isa = PBXBuildFile; fileRef = 12E611BE27CE737F005333FE /* ArtBookProjectIos.xcdatamodeld */; };
		12E611C227CE7381005333FE /* Assets.xcassets in Resources */ = {isa = PBXBuildFile; fileRef = 12E611C127CE7381005333FE /* Assets.xcassets */; };
		12E611C527CE7381005333FE /* LaunchScreen.storyboard in Resources */ = {isa = PBXBuildFile; fileRef = 12E611C327CE7381005333FE /* LaunchScreen.storyboard */; };
		12E611CD27CE843A005333FE /* DetailsVC.swift in Sources */ = {isa = PBXBuildFile; fileRef = 12E611CC27CE843A005333FE /* DetailsVC.swift */; };
/* End PBXBuildFile section */

/* Begin PBXFileReference section */
		1286988227CF9FA800F16CA6 /* select.png */ = {isa = PBXFileReference; lastKnownFileType = image.png; path = select.png; sourceTree = SOURCE_ROOT; };
		12E611B227CE737F005333FE /* ArtBookProjectIos.app */ = {isa = PBXFileReference; explicitFileType = wrapper.application; includeInIndex = 0; path = ArtBookProjectIos.app; sourceTree = BUILT_PRODUCTS_DIR; };
		12E611B527CE737F005333FE /* AppDelegate.swift */ = {isa = PBXFileReference; lastKnownFileType = sourcecode.swift; path = AppDelegate.swift; sourceTree = "<group>"; };
		12E611B727CE737F005333FE /* SceneDelegate.swift */ = {isa = PBXFileReference; lastKnownFileType = sourcecode.swift; path = SceneDelegate.swift; sourceTree = "<group>"; };
		12E611B927CE737F005333FE /* ViewController.swift */ = {isa = PBXFileReference; lastKnownFileType = sourcecode.swift; path = ViewController.swift; sourceTree = "<group>"; };
		12E611BC27CE737F005333FE /* Base */ = {isa = PBXFileReference; lastKnownFileType = file.storyboard; name = Base; path = Base.lproj/Main.storyboard; sourceTree = "<group>"; };
		12E611BF27CE737F005333FE /* ArtBookProjectIos.xcdatamodel */ = {isa = PBXFileReference; lastKnownFileType = wrapper.xcdatamodel; path = ArtBookProjectIos.xcdatamodel; sourceTree = "<group>"; };
		12E611C127CE7381005333FE /* Assets.xcassets */ = {isa = PBXFileReference; lastKnownFileType = folder.assetcatalog; path = Assets.xcassets; sourceTree = "<group>"; };
		12E611C427CE7381005333FE /* Base */ = {isa = PBXFileReference; lastKnownFileType = file.storyboard; name = Base; path = Base.lproj/LaunchScreen.storyboard; sourceTree = "<group>"; };
		12E611C627CE7381005333FE /* Info.plist */ = {isa = PBXFileReference; lastKnownFileType = text.plist.xml; path = Info.plist; sourceTree = "<group>"; };
		12E611CC27CE843A005333FE /* DetailsVC.swift */ = {isa = PBXFileReference; lastKnownFileType = sourcecode.swift; path = DetailsVC.swift; sourceTree = "<group>"; };
/* End PBXFileReference section */

/* Begin PBXFrameworksBuildPhase section */
		12E611AF27CE737F005333FE /* Frameworks */ = {
			isa = PBXFrameworksBuildPhase;
			buildActionMask = 2147483647;
			files = (
			);
			runOnlyForDeploymentPostprocessing = 0;
		};
/* End PBXFrameworksBuildPhase section */

/* Begin PBXGroup section */
		12E611A927CE737F005333FE = {
			isa = PBXGroup;
			children = (
				12E611B427CE737F005333FE /* ArtBookProjectIos */,
				12E611B327CE737F005333FE /* Products */,
			);
			sourceTree = "<group>";
		};
		12E611B327CE737F005333FE /* Products */ = {
			isa = PBXGroup;
			children = (
				12E611B227CE737F005333FE /* ArtBookProjectIos.app */,
			);
			name = Products;
			sourceTree = "<group>";
		};
		12E611B427CE737F005333FE /* ArtBookProjectIos */ = {
			isa = PBXGroup;
			children = (
				1286988227CF9FA800F16CA6 /* select.png */,
				12E611B527CE737F005333FE /* AppDelegate.swift */,
				12E611B727CE737F005333FE /* SceneDelegate.swift */,
				12E611B927CE737F005333FE /* ViewController.swift */,
				12E611CC27CE843A005333FE /* DetailsVC.swift */,
				12E611BB27CE737F005333FE /* Main.storyboard */,
				12E611C127CE7381005333FE /* Assets.xcassets */,
				12E611C327CE7381005333FE /* LaunchScreen.storyboard */,
				12E611C627CE7381005333FE /* Info.plist */,
				12E611BE27CE737F005333FE /* ArtBookProjectIos.xcdatamodeld */,
			);
			path = ArtBookProjectIos;
			sourceTree = "<group>";
		};
/* End PBXGroup section */

/* Begin PBXNativeTarget section */
		12E611B127CE737F005333FE /* ArtBookProjectIos */ = {
			isa = PBXNativeTarget;
			buildConfigurationList = 12E611C927CE7381005333FE /* Build configuration list for PBXNativeTarget "ArtBookProjectIos" */;
			buildPhases = (
				12E611AE27CE737F005333FE /* Sources */,
				12E611AF27CE737F005333FE /* Frameworks */,
				12E611B027CE737F005333FE /* Resources */,
			);
			buildRules = (
			);
			dependencies = (
			);
			name = ArtBookProjectIos;
			productName = ArtBookProjectIos;
			productReference = 12E611B227CE737F005333FE /* ArtBookProjectIos.app */;
			productType = "com.apple.product-type.application";
		};
/* End PBXNativeTarget section */

/* Begin PBXProject section */
		12E611AA27CE737F005333FE /* Project object */ = {
			isa = PBXProject;
			attributes = {
				BuildIndependentTargetsInParallel = 1;
				LastSwiftUpdateCheck = 1310;
				LastUpgradeCheck = 1310;
				TargetAttributes = {
					12E611B127CE737F005333FE = {
						CreatedOnToolsVersion = 13.1;
					};
				};
			};
			buildConfigurationList = 12E611AD27CE737F005333FE /* Build configuration list for PBXProject "ArtBookProjectIos" */;
			compatibilityVersion = "Xcode 13.0";
			developmentRegion = en;
			hasScannedForEncodings = 0;
			knownRegions = (
				en,
				Base,
			);
			mainGroup = 12E611A927CE737F005333FE;
			productRefGroup = 12E611B327CE737F005333FE /* Products */;
			projectDirPath = "";
			projectRoot = "";
			targets = (
				12E611B127CE737F005333FE /* ArtBookProjectIos */,
			);
		};
/* End PBXProject section */

/* Begin PBXResourcesBuildPhase section */
		12E611B027CE737F005333FE /* Resources */ = {
			isa = PBXResourcesBuildPhase;
			buildActionMask = 2147483647;
			files = (
				12E611C527CE7381005333FE /* LaunchScreen.storyboard in Resources */,
				1286988327CF9FA800F16CA6 /* select.png in Resources */,
				12E611C227CE7381005333FE /* Assets.xcassets in Resources */,
				12E611BD27CE737F005333FE /* Main.storyboard in Resources */,
			);
			runOnlyForDeploymentPostprocessing = 0;
		};
/* End PBXResourcesBuildPhase section */

/* Begin PBXSourcesBuildPhase section */
		12E611AE27CE737F005333FE /* Sources */ = {
			isa = PBXSourcesBuildPhase;
			buildActionMask = 2147483647;
			files = (
				12E611BA27CE737F005333FE /* ViewController.swift in Sources */,
				12E611B627CE737F005333FE /* AppDelegate.swift in Sources */,
				12E611C027CE737F005333FE /* ArtBookProjectIos.xcdatamodeld in Sources */,
				12E611B827CE737F005333FE /* SceneDelegate.swift in Sources */,
				12E611CD27CE843A005333FE /* DetailsVC.swift in Sources */,
			);
			runOnlyForDeploymentPostprocessing = 0;
		};
/* End PBXSourcesBuildPhase section */

/* Begin PBXVariantGroup section */
		12E611BB27CE737F005333FE /* Main.storyboard */ = {
			isa = PBXVariantGroup;
			children = (
				12E611BC27CE737F005333FE /* Base */,
			);
			name = Main.storyboard;
			sourceTree = "<group>";
		};
		12E611C327CE7381005333FE /* LaunchScreen.storyboard */ = {
			isa = PBXVariantGroup;
			children = (
				12E611C427CE7381005333FE /* Base */,
			);
			name = LaunchScreen.storyboard;
			sourceTree = "<group>";
		};
/* End PBXVariantGroup section */

/* Begin XCBuildConfiguration section */
		12E611C727CE7381005333FE /* Debug */ = {
			isa = XCBuildConfiguration;
			buildSettings = {
				ALWAYS_SEARCH_USER_PATHS = NO;
				CLANG_ANALYZER_NONNULL = YES;
				CLANG_ANALYZER_NUMBER_OBJECT_CONVERSION = YES_AGGRESSIVE;
				CLANG_CXX_LANGUAGE_STANDARD = "gnu++17";
				CLANG_CXX_LIBRARY = "libc++";
				CLANG_ENABLE_MODULES = YES;
				CLANG_ENABLE_OBJC_ARC = YES;
				CLANG_ENABLE_OBJC_WEAK = YES;
				CLANG_WARN_BLOCK_CAPTURE_AUTORELEASING = YES;
				CLANG_WARN_BOOL_CONVERSION = YES;
				CLANG_WARN_COMMA = YES;
				CLANG_WARN_CONSTANT_CONVERSION = YES;
				CLANG_WARN_DEPRECATED_OBJC_IMPLEMENTATIONS = YES;
				CLANG_WARN_DIRECT_OBJC_ISA_USAGE = YES_ERROR;
				CLANG_WARN_DOCUMENTATION_COMMENTS = YES;
				CLANG_WARN_EMPTY_BODY = YES;
				CLANG_WARN_ENUM_CONVERSION = YES;
				CLANG_WARN_INFINITE_RECURSION = YES;
				CLANG_WARN_INT_CONVERSION = YES;
				CLANG_WARN_NON_LITERAL_NULL_CONVERSION = YES;
				CLANG_WARN_OBJC_IMPLICIT_RETAIN_SELF = YES;
				CLANG_WARN_OBJC_LITERAL_CONVERSION = YES;
				CLANG_WARN_OBJC_ROOT_CLASS = YES_ERROR;
				CLANG_WARN_QUOTED_INCLUDE_IN_FRAMEWORK_HEADER = YES;
				CLANG_WARN_RANGE_LOOP_ANALYSIS = YES;
				CLANG_WARN_STRICT_PROTOTYPES = YES;
				CLANG_WARN_SUSPICIOUS_MOVE = YES;
				CLANG_WARN_UNGUARDED_AVAILABILITY = YES_AGGRESSIVE;
				CLANG_WARN_UNREACHABLE_CODE = YES;
				CLANG_WARN__DUPLICATE_METHOD_MATCH = YES;
				COPY_PHASE_STRIP = NO;
				DEBUG_INFORMATION_FORMAT = dwarf;
				ENABLE_STRICT_OBJC_MSGSEND = YES;
				ENABLE_TESTABILITY = YES;
				GCC_C_LANGUAGE_STANDARD = gnu11;
				GCC_DYNAMIC_NO_PIC = NO;
				GCC_NO_COMMON_BLOCKS = YES;
				GCC_OPTIMIZATION_LEVEL = 0;
				GCC_PREPROCESSOR_DEFINITIONS = (
					"DEBUG=1",
					"$(inherited)",
				);
				GCC_WARN_64_TO_32_BIT_CONVERSION = YES;
				GCC_WARN_ABOUT_RETURN_TYPE = YES_ERROR;
				GCC_WARN_UNDECLARED_SELECTOR = YES;
				GCC_WARN_UNINITIALIZED_AUTOS = YES_AGGRESSIVE;
				GCC_WARN_UNUSED_FUNCTION = YES;
				GCC_WARN_UNUSED_VARIABLE = YES;
				IPHONEOS_DEPLOYMENT_TARGET = 15.0;
				MTL_ENABLE_DEBUG_INFO = INCLUDE_SOURCE;
				MTL_FAST_MATH = YES;
				ONLY_ACTIVE_ARCH = YES;
				SDKROOT = iphoneos;
				SWIFT_ACTIVE_COMPILATION_CONDITIONS = DEBUG;
				SWIFT_OPTIMIZATION_LEVEL = "-Onone";
			};
			name = Debug;
		};
		12E611C827CE7381005333FE /* Release */ = {
			isa = XCBuildConfiguration;
			buildSettings = {
				ALWAYS_SEARCH_USER_PATHS = NO;
				CLANG_ANALYZER_NONNULL = YES;
				CLANG_ANALYZER_NUMBER_OBJECT_CONVERSION = YES_AGGRESSIVE;
				CLANG_CXX_LANGUAGE_STANDARD = "gnu++17";
				CLANG_CXX_LIBRARY = "libc++";
				CLANG_ENABLE_MODULES = YES;
				CLANG_ENABLE_OBJC_ARC = YES;
				CLANG_ENABLE_OBJC_WEAK = YES;
				CLANG_WARN_BLOCK_CAPTURE_AUTORELEASING = YES;
				CLANG_WARN_BOOL_CONVERSION = YES;
				CLANG_WARN_COMMA = YES;
				CLANG_WARN_CONSTANT_CONVERSION = YES;
				CLANG_WARN_DEPRECATED_OBJC_IMPLEMENTATIONS = YES;
				CLANG_WARN_DIRECT_OBJC_ISA_USAGE = YES_ERROR;
				CLANG_WARN_DOCUMENTATION_COMMENTS = YES;
				CLANG_WARN_EMPTY_BODY = YES;
				CLANG_WARN_ENUM_CONVERSION = YES;
				CLANG_WARN_INFINITE_RECURSION = YES;
				CLANG_WARN_INT_CONVERSION = YES;
				CLANG_WARN_NON_LITERAL_NULL_CONVERSION = YES;
				CLANG_WARN_OBJC_IMPLICIT_RETAIN_SELF = YES;
				CLANG_WARN_OBJC_LITERAL_CONVERSION = YES;
				CLANG_WARN_OBJC_ROOT_CLASS = YES_ERROR;
				CLANG_WARN_QUOTED_INCLUDE_IN_FRAMEWORK_HEADER = YES;
				CLANG_WARN_RANGE_LOOP_ANALYSIS = YES;
				CLANG_WARN_STRICT_PROTOTYPES = YES;
				CLANG_WARN_SUSPICIOUS_MOVE = YES;
				CLANG_WARN_UNGUARDED_AVAILABILITY = YES_AGGRESSIVE;
				CLANG_WARN_UNREACHABLE_CODE = YES;
				CLANG_WARN__DUPLICATE_METHOD_MATCH = YES;
				COPY_PHASE_STRIP = NO;
				DEBUG_INFORMATION_FORMAT = "dwarf-with-dsym";
				ENABLE_NS_ASSERTIONS = NO;
				ENABLE_STRICT_OBJC_MSGSEND = YES;
				GCC_C_LANGUAGE_STANDARD = gnu11;
				GCC_NO_COMMON_BLOCKS = YES;
				GCC_WARN_64_TO_32_BIT_CONVERSION = YES;
				GCC_WARN_ABOUT_RETURN_TYPE = YES_ERROR;
				GCC_WARN_UNDECLARED_SELECTOR = YES;
				GCC_WARN_UNINITIALIZED_AUTOS = YES_AGGRESSIVE;
				GCC_WARN_UNUSED_FUNCTION = YES;
				GCC_WARN_UNUSED_VARIABLE = YES;
				IPHONEOS_DEPLOYMENT_TARGET = 15.0;
				MTL_ENABLE_DEBUG_INFO = NO;
				MTL_FAST_MATH = YES;
				SDKROOT = iphoneos;
				SWIFT_COMPILATION_MODE = wholemodule;
				SWIFT_OPTIMIZATION_LEVEL = "-O";
				VALIDATE_PRODUCT = YES;
			};
			name = Release;
		};
		12E611CA27CE7381005333FE /* Debug */ = {
			isa = XCBuildConfiguration;
			buildSettings = {
				ASSETCATALOG_COMPILER_APPICON_NAME = AppIcon;
				ASSETCATALOG_COMPILER_GLOBAL_ACCENT_COLOR_NAME = AccentColor;
				CODE_SIGN_STYLE = Automatic;
				CURRENT_PROJECT_VERSION = 1;
				GENERATE_INFOPLIST_FILE = YES;
				INFOPLIST_FILE = ArtBookProjectIos/Info.plist;
				INFOPLIST_KEY_UIApplicationSupportsIndirectInputEvents = YES;
				INFOPLIST_KEY_UILaunchStoryboardName = LaunchScreen;
				INFOPLIST_KEY_UIMainStoryboardFile = Main;
				INFOPLIST_KEY_UISupportedInterfaceOrientations = "UIInterfaceOrientationPortrait UIInterfaceOrientationLandscapeLeft UIInterfaceOrientationLandscapeRight";
				INFOPLIST_KEY_UISupportedInterfaceOrientations_iPad = "UIInterfaceOrientationPortrait UIInterfaceOrientationPortraitUpsideDown UIInterfaceOrientationLandscapeLeft UIInterfaceOrientationLandscapeRight";
				INFOPLIST_KEY_UISupportedInterfaceOrientations_iPhone = "UIInterfaceOrientationPortrait UIInterfaceOrientationLandscapeLeft UIInterfaceOrientationLandscapeRight";
				LD_RUNPATH_SEARCH_PATHS = (
					"$(inherited)",
					"@executable_path/Frameworks",
				);
				MARKETING_VERSION = 1.0;
				PRODUCT_BUNDLE_IDENTIFIER = musaeneskinik.ArtBookProjectIos;
				PRODUCT_NAME = "$(TARGET_NAME)";
				SWIFT_EMIT_LOC_STRINGS = YES;
				SWIFT_VERSION = 5.0;
				TARGETED_DEVICE_FAMILY = "1,2";
			};
			name = Debug;
		};
		12E611CB27CE7381005333FE /* Release */ = {
			isa = XCBuildConfiguration;
			buildSettings = {
				ASSETCATALOG_COMPILER_APPICON_NAME = AppIcon;
				ASSETCATALOG_COMPILER_GLOBAL_ACCENT_COLOR_NAME = AccentColor;
				CODE_SIGN_STYLE = Automatic;
				CURRENT_PROJECT_VERSION = 1;
				GENERATE_INFOPLIST_FILE = YES;
				INFOPLIST_FILE = ArtBookProjectIos/Info.plist;
				INFOPLIST_KEY_UIApplicationSupportsIndirectInputEvents = YES;
				INFOPLIST_KEY_UILaunchStoryboardName = LaunchScreen;
				INFOPLIST_KEY_UIMainStoryboardFile = Main;
				INFOPLIST_KEY_UISupportedInterfaceOrientations = "UIInterfaceOrientationPortrait UIInterfaceOrientationLandscapeLeft UIInterfaceOrientationLandscapeRight";
				INFOPLIST_KEY_UISupportedInterfaceOrientations_iPad = "UIInterfaceOrientationPortrait UIInterfaceOrientationPortraitUpsideDown UIInterfaceOrientationLandscapeLeft UIInterfaceOrientationLandscapeRight";
				INFOPLIST_KEY_UISupportedInterfaceOrientations_iPhone = "UIInterfaceOrientationPortrait UIInterfaceOrientationLandscapeLeft UIInterfaceOrientationLandscapeRight";
				LD_RUNPATH_SEARCH_PATHS = (
					"$(inherited)",
					"@executable_path/Frameworks",
				);
				MARKETING_VERSION = 1.0;
				PRODUCT_BUNDLE_IDENTIFIER = musaeneskinik.ArtBookProjectIos;
				PRODUCT_NAME = "$(TARGET_NAME)";
				SWIFT_EMIT_LOC_STRINGS = YES;
				SWIFT_VERSION = 5.0;
				TARGETED_DEVICE_FAMILY = "1,2";
			};
			name = Release;
		};
/* End XCBuildConfiguration section */

/* Begin XCConfigurationList section */
		12E611AD27CE737F005333FE /* Build configuration list for PBXProject "ArtBookProjectIos" */ = {
			isa = XCConfigurationList;
			buildConfigurations = (
				12E611C727CE7381005333FE /* Debug */,
				12E611C827CE7381005333FE /* Release */,
			);
			defaultConfigurationIsVisible = 0;
			defaultConfigurationName = Release;
		};
		12E611C927CE7381005333FE /* Build configuration list for PBXNativeTarget "ArtBookProjectIos" */ = {
			isa = XCConfigurationList;
			buildConfigurations = (
				12E611CA27CE7381005333FE /* Debug */,
				12E611CB27CE7381005333FE /* Release */,
			);
			defaultConfigurationIsVisible = 0;
			defaultConfigurationName = Release;
		};
/* End XCConfigurationList section */

/* Begin XCVersionGroup section */
		12E611BE27CE737F005333FE /* ArtBookProjectIos.xcdatamodeld */ = {
			isa = XCVersionGroup;
			children = (
				12E611BF27CE737F005333FE /* ArtBookProjectIos.xcdatamodel */,
			);
			currentVersion = 12E611BF27CE737F005333FE /* ArtBookProjectIos.xcdatamodel */;
			path = ArtBookProjectIos.xcdatamodeld;
			sourceTree = "<group>";
			versionGroupType = wrapper.xcdatamodel;
		};
/* End XCVersionGroup section */
	};
	rootObject = 12E611AA27CE737F005333FE /* Project object */;
}
